
Microsoft Visual Studio Solution File, Format Version 12.00
# Visual Studio 15
VisualStudioVersion = 15.0.27428.2043
MinimumVisualStudioVersion = 10.0.40219.1
Project("{8BC9CEB8-8B4A-11D0-8D11-00A0C91BC942}") = "sea_battle", "sea_battle\sea_battle.vcxproj", "{EBAD8C37-49CA-4970-9C37-CDA763DF028C}"
EndProject
Global
	GlobalSection(SolutionConfigurationPlatforms) = preSolution
		Debug|x64 = Debug|x64
		Debug|x86 = Debug|x86
		Release|x64 = Release|x64
		Release|x86 = Release|x86
	EndGlobalSection
	GlobalSection(ProjectConfigurationPlatforms) = postSolution
		{EBAD8C37-49CA-4970-9C37-CDA763DF028C}.Debug|x64.ActiveCfg = Debug|x64
		{EBAD8C37-49CA-4970-9C37-CDA763DF028C}.Debug|x64.Build.0 = Debug|x64
		{EBAD8C37-49CA-4970-9C37-CDA763DF028C}.Debug|x86.ActiveCfg = Debug|Win32
		{EBAD8C37-49CA-4970-9C37-CDA763DF028C}.Debug|x86.Build.0 = Debug|Win32
		{EBAD8C37-49CA-4970-9C37-CDA763DF028C}.Release|x64.ActiveCfg = Release|x64
		{EBAD8C37-49CA-4970-9C37-CDA763DF028C}.Release|x64.Build.0 = Release|x64
		{EBAD8C37-49CA-4970-9C37-CDA763DF028C}.Release|x86.ActiveCfg = Release|Win32
		{EBAD8C37-49CA-4970-9C37-CDA763DF028C}.Release|x86.Build.0 = Release|Win32
	EndGlobalSection
	GlobalSection(SolutionProperties) = preSolution
		HideSolutionNode = FALSE
	EndGlobalSection
	GlobalSection(ExtensibilityGlobals) = postSolution
		SolutionGuid = {AF77ACB3-9C8E-44FF-88D6-21B94CB029F4}
	EndGlobalSection
EndGlobal
